// !$*UTF8*$!
{
	archiveVersion = 1;
	classes = {
	};
	objectVersion = 51;
	objects = {

/* Begin PBXBuildFile section */
		0BDB24EF9DD3B4F98516A54F /* Pods_FireDisplay7.framework in Frameworks */ = {isa = PBXBuildFile; fileRef = 600294A59D276DEF0DC7AE14 /* Pods_FireDisplay7.framework */; };
		7B28603024A368B400B84CA1 /* AppDelegate.swift in Sources */ = {isa = PBXBuildFile; fileRef = 7B28602F24A368B400B84CA1 /* AppDelegate.swift */; };
		7B28603224A368B400B84CA1 /* SceneDelegate.swift in Sources */ = {isa = PBXBuildFile; fileRef = 7B28603124A368B400B84CA1 /* SceneDelegate.swift */; };
		7B28603424A368B400B84CA1 /* ViewController.swift in Sources */ = {isa = PBXBuildFile; fileRef = 7B28603324A368B400B84CA1 /* ViewController.swift */; };
		7B28603724A368B400B84CA1 /* Main.storyboard in Resources */ = {isa = PBXBuildFile; fileRef = 7B28603524A368B400B84CA1 /* Main.storyboard */; };
		7B28603924A368B900B84CA1 /* Assets.xcassets in Resources */ = {isa = PBXBuildFile; fileRef = 7B28603824A368B900B84CA1 /* Assets.xcassets */; };
		7B28603C24A368B900B84CA1 /* LaunchScreen.storyboard in Resources */ = {isa = PBXBuildFile; fileRef = 7B28603A24A368B900B84CA1 /* LaunchScreen.storyboard */; };
		7B28604424A368DB00B84CA1 /* MyTableViewCell.swift in Sources */ = {isa = PBXBuildFile; fileRef = 7B28604324A368DB00B84CA1 /* MyTableViewCell.swift */; };
		7B28604624A368FC00B84CA1 /* MyProfilePage.swift in Sources */ = {isa = PBXBuildFile; fileRef = 7B28604524A368FC00B84CA1 /* MyProfilePage.swift */; };
		7B75525C24A46141002469E4 /* GoogleService-Info.plist in Resources */ = {isa = PBXBuildFile; fileRef = 7B75525B24A46141002469E4 /* GoogleService-Info.plist */; };
/* End PBXBuildFile section */

/* Begin PBXFileReference section */
		600294A59D276DEF0DC7AE14 /* Pods_FireDisplay7.framework */ = {isa = PBXFileReference; explicitFileType = wrapper.framework; includeInIndex = 0; path = Pods_FireDisplay7.framework; sourceTree = BUILT_PRODUCTS_DIR; };
		703AA8079895E5F90D15BDE2 /* Pods-FireDisplay7.release.xcconfig */ = {isa = PBXFileReference; includeInIndex = 1; lastKnownFileType = text.xcconfig; name = "Pods-FireDisplay7.release.xcconfig"; path = "Target Support Files/Pods-FireDisplay7/Pods-FireDisplay7.release.xcconfig"; sourceTree = "<group>"; };
		7B28602C24A368B400B84CA1 /* FireDisplay7.app */ = {isa = PBXFileReference; explicitFileType = wrapper.application; includeInIndex = 0; path = FireDisplay7.app; sourceTree = BUILT_PRODUCTS_DIR; };
		7B28602F24A368B400B84CA1 /* AppDelegate.swift */ = {isa = PBXFileReference; lastKnownFileType = sourcecode.swift; path = AppDelegate.swift; sourceTree = "<group>"; };
		7B28603124A368B400B84CA1 /* SceneDelegate.swift */ = {isa = PBXFileReference; lastKnownFileType = sourcecode.swift; path = SceneDelegate.swift; sourceTree = "<group>"; };
		7B28603324A368B400B84CA1 /* ViewController.swift */ = {isa = PBXFileReference; lastKnownFileType = sourcecode.swift; path = ViewController.swift; sourceTree = "<group>"; };
		7B28603624A368B400B84CA1 /* Base */ = {isa = PBXFileReference; lastKnownFileType = file.storyboard; name = Base; path = Base.lproj/Main.storyboard; sourceTree = "<group>"; };
		7B28603824A368B900B84CA1 /* Assets.xcassets */ = {isa = PBXFileReference; lastKnownFileType = folder.assetcatalog; path = Assets.xcassets; sourceTree = "<group>"; };
		7B28603B24A368B900B84CA1 /* Base */ = {isa = PBXFileReference; lastKnownFileType = file.storyboard; name = Base; path = Base.lproj/LaunchScreen.storyboard; sourceTree = "<group>"; };
		7B28603D24A368B900B84CA1 /* Info.plist */ = {isa = PBXFileReference; lastKnownFileType = text.plist.xml; path = Info.plist; sourceTree = "<group>"; };
		7B28604324A368DB00B84CA1 /* MyTableViewCell.swift */ = {isa = PBXFileReference; lastKnownFileType = sourcecode.swift; path = MyTableViewCell.swift; sourceTree = "<group>"; };
		7B28604524A368FC00B84CA1 /* MyProfilePage.swift */ = {isa = PBXFileReference; lastKnownFileType = sourcecode.swift; path = MyProfilePage.swift; sourceTree = "<group>"; };
		7B75525B24A46141002469E4 /* GoogleService-Info.plist */ = {isa = PBXFileReference; fileEncoding = 4; lastKnownFileType = text.plist.xml; path = "GoogleService-Info.plist"; sourceTree = "<group>"; };
		EEB5BAC1FE8A67513B822C4A /* Pods-FireDisplay7.debug.xcconfig */ = {isa = PBXFileReference; includeInIndex = 1; lastKnownFileType = text.xcconfig; name = "Pods-FireDisplay7.debug.xcconfig"; path = "Target Support Files/Pods-FireDisplay7/Pods-FireDisplay7.debug.xcconfig"; sourceTree = "<group>"; };
/* End PBXFileReference section */

/* Begin PBXFrameworksBuildPhase section */
		7B28602924A368B400B84CA1 /* Frameworks */ = {
			isa = PBXFrameworksBuildPhase;
			buildActionMask = 2147483647;
			files = (
				0BDB24EF9DD3B4F98516A54F /* Pods_FireDisplay7.framework in Frameworks */,
			);
			runOnlyForDeploymentPostprocessing = 0;
		};
/* End PBXFrameworksBuildPhase section */

/* Begin PBXGroup section */
		5A642E98C251491ABB111ED8 /* Pods */ = {
			isa = PBXGroup;
			children = (
				EEB5BAC1FE8A67513B822C4A /* Pods-FireDisplay7.debug.xcconfig */,
				703AA8079895E5F90D15BDE2 /* Pods-FireDisplay7.release.xcconfig */,
			);
			path = Pods;
			sourceTree = "<group>";
		};
		7B28602324A368B400B84CA1 = {
			isa = PBXGroup;
			children = (
				7B28602E24A368B400B84CA1 /* FireDisplay7 */,
				7B28602D24A368B400B84CA1 /* Products */,
				5A642E98C251491ABB111ED8 /* Pods */,
				7E0019F3D3F61FEF3AEBE6A9 /* Frameworks */,
			);
			sourceTree = "<group>";
		};
		7B28602D24A368B400B84CA1 /* Products */ = {
			isa = PBXGroup;
			children = (
				7B28602C24A368B400B84CA1 /* FireDisplay7.app */,
			);
			name = Products;
			sourceTree = "<group>";
		};
		7B28602E24A368B400B84CA1 /* FireDisplay7 */ = {
			isa = PBXGroup;
			children = (
				7B28602F24A368B400B84CA1 /* AppDelegate.swift */,
				7B28603124A368B400B84CA1 /* SceneDelegate.swift */,
				7B28603324A368B400B84CA1 /* ViewController.swift */,
				7B28604524A368FC00B84CA1 /* MyProfilePage.swift */,
				7B28604324A368DB00B84CA1 /* MyTableViewCell.swift */,
				7B28603524A368B400B84CA1 /* Main.storyboard */,
				7B28603824A368B900B84CA1 /* Assets.xcassets */,
				7B75525B24A46141002469E4 /* GoogleService-Info.plist */,
				7B28603A24A368B900B84CA1 /* LaunchScreen.storyboard */,
				7B28603D24A368B900B84CA1 /* Info.plist */,
			);
			path = FireDisplay7;
			sourceTree = "<group>";
		};
		7E0019F3D3F61FEF3AEBE6A9 /* Frameworks */ = {
			isa = PBXGroup;
			children = (
				600294A59D276DEF0DC7AE14 /* Pods_FireDisplay7.framework */,
			);
			name = Frameworks;
			sourceTree = "<group>";
		};
/* End PBXGroup section */

/* Begin PBXNativeTarget section */
		7B28602B24A368B400B84CA1 /* FireDisplay7 */ = {
			isa = PBXNativeTarget;
			buildConfigurationList = 7B28604024A368B900B84CA1 /* Build configuration list for PBXNativeTarget "FireDisplay7" */;
			buildPhases = (
				3A5B90A2AC7B2A0655A9D56D /* [CP] Check Pods Manifest.lock */,
				7B28602824A368B400B84CA1 /* Sources */,
				7B28602924A368B400B84CA1 /* Frameworks */,
				7B28602A24A368B400B84CA1 /* Resources */,
				23936EBBEB6229601263FC4A /* [CP] Embed Pods Frameworks */,
			);
			buildRules = (
			);
			dependencies = (
			);
			name = FireDisplay7;
			productName = FireDisplay7;
			productReference = 7B28602C24A368B400B84CA1 /* FireDisplay7.app */;
			productType = "com.apple.product-type.application";
		};
/* End PBXNativeTarget section */

/* Begin PBXProject section */
		7B28602424A368B400B84CA1 /* Project object */ = {
			isa = PBXProject;
			attributes = {
				LastSwiftUpdateCheck = 1130;
				LastUpgradeCheck = 1130;
				ORGANIZATIONNAME = "mark me";
				TargetAttributes = {
					7B28602B24A368B400B84CA1 = {
						CreatedOnToolsVersion = 11.3.1;
					};
				};
			};
			buildConfigurationList = 7B28602724A368B400B84CA1 /* Build configuration list for PBXProject "FireDisplay7" */;
			compatibilityVersion = "Xcode 9.3";
			developmentRegion = en;
			hasScannedForEncodings = 0;
			knownRegions = (
				en,
				Base,
			);
			mainGroup = 7B28602324A368B400B84CA1;
			productRefGroup = 7B28602D24A368B400B84CA1 /* Products */;
			projectDirPath = "";
			projectRoot = "";
			targets = (
				7B28602B24A368B400B84CA1 /* FireDisplay7 */,
			);
		};
/* End PBXProject section */

/* Begin PBXResourcesBuildPhase section */
		7B28602A24A368B400B84CA1 /* Resources */ = {
			isa = PBXResourcesBuildPhase;
			buildActionMask = 2147483647;
			files = (
				7B28603C24A368B900B84CA1 /* LaunchScreen.storyboard in Resources */,
				7B75525C24A46141002469E4 /* GoogleService-Info.plist in Resources */,
				7B28603924A368B900B84CA1 /* Assets.xcassets in Resources */,
				7B28603724A368B400B84CA1 /* Main.storyboard in Resources */,
			);
			runOnlyForDeploymentPostprocessing = 0;
		};
/* End PBXResourcesBuildPhase section */

/* Begin PBXShellScriptBuildPhase section */
		23936EBBEB6229601263FC4A /* [CP] Embed Pods Frameworks */ = {
			isa = PBXShellScriptBuildPhase;
			buildActionMask = 2147483647;
			files = (
			);
			inputFileListPaths = (
				"${PODS_ROOT}/Target Support Files/Pods-FireDisplay7/Pods-FireDisplay7-frameworks-${CONFIGURATION}-input-files.xcfilelist",
			);
			name = "[CP] Embed Pods Frameworks";
			outputFileListPaths = (
				"${PODS_ROOT}/Target Support Files/Pods-FireDisplay7/Pods-FireDisplay7-frameworks-${CONFIGURATION}-output-files.xcfilelist",
			);
			runOnlyForDeploymentPostprocessing = 0;
			shellPath = /bin/sh;
			shellScript = "\"${PODS_ROOT}/Target Support Files/Pods-FireDisplay7/Pods-FireDisplay7-frameworks.sh\"\n";
			showEnvVarsInLog = 0;
		};
		3A5B90A2AC7B2A0655A9D56D /* [CP] Check Pods Manifest.lock */ = {
			isa = PBXShellScriptBuildPhase;
			buildActionMask = 2147483647;
			files = (
			);
			inputFileListPaths = (
			);
			inputPaths = (
				"${PODS_PODFILE_DIR_PATH}/Podfile.lock",
				"${PODS_ROOT}/Manifest.lock",
			);
			name = "[CP] Check Pods Manifest.lock";
			outputFileListPaths = (
			);
			outputPaths = (
				"$(DERIVED_FILE_DIR)/Pods-FireDisplay7-checkManifestLockResult.txt",
			);
			runOnlyForDeploymentPostprocessing = 0;
			shellPath = /bin/sh;
			shellScript = "diff \"${PODS_PODFILE_DIR_PATH}/Podfile.lock\" \"${PODS_ROOT}/Manifest.lock\" > /dev/null\nif [ $? != 0 ] ; then\n    # print error to STDERR\n    echo \"error: The sandbox is not in sync with the Podfile.lock. Run 'pod install' or update your CocoaPods installation.\" >&2\n    exit 1\nfi\n# This output is used by Xcode 'outputs' to avoid re-running this script phase.\necho \"SUCCESS\" > \"${SCRIPT_OUTPUT_FILE_0}\"\n";
			showEnvVarsInLog = 0;
		};
/* End PBXShellScriptBuildPhase section */

/* Begin PBXSourcesBuildPhase section */
		7B28602824A368B400B84CA1 /* Sources */ = {
			isa = PBXSourcesBuildPhase;
			buildActionMask = 2147483647;
			files = (
				7B28604624A368FC00B84CA1 /* MyProfilePage.swift in Sources */,
				7B28603424A368B400B84CA1 /* ViewController.swift in Sources */,
				7B28604424A368DB00B84CA1 /* MyTableViewCell.swift in Sources */,
				7B28603024A368B400B84CA1 /* AppDelegate.swift in Sources */,
				7B28603224A368B400B84CA1 /* SceneDelegate.swift in Sources */,
			);
			runOnlyForDeploymentPostprocessing = 0;
		};
/* End PBXSourcesBuildPhase section */

/* Begin PBXVariantGroup section */
		7B28603524A368B400B84CA1 /* Main.storyboard */ = {
			isa = PBXVariantGroup;
			children = (
				7B28603624A368B400B84CA1 /* Base */,
			);
			name = Main.storyboard;
			sourceTree = "<group>";
		};
		7B28603A24A368B900B84CA1 /* LaunchScreen.storyboard */ = {
			isa = PBXVariantGroup;
			children = (
				7B28603B24A368B900B84CA1 /* Base */,
			);
			name = LaunchScreen.storyboard;
			sourceTree = "<group>";
		};
/* End PBXVariantGroup section */

/* Begin XCBuildConfiguration section */
		7B28603E24A368B900B84CA1 /* Debug */ = {
			isa = XCBuildConfiguration;
			buildSettings = {
				ALWAYS_SEARCH_USER_PATHS = NO;
				CLANG_ANALYZER_NONNULL = YES;
				CLANG_ANALYZER_NUMBER_OBJECT_CONVERSION = YES_AGGRESSIVE;
				CLANG_CXX_LANGUAGE_STANDARD = "gnu++14";
				CLANG_CXX_LIBRARY = "libc++";
				CLANG_ENABLE_MODULES = YES;
				CLANG_ENABLE_OBJC_ARC = YES;
				CLANG_ENABLE_OBJC_WEAK = YES;
				CLANG_WARN_BLOCK_CAPTURE_AUTORELEASING = YES;
				CLANG_WARN_BOOL_CONVERSION = YES;
				CLANG_WARN_COMMA = YES;
				CLANG_WARN_CONSTANT_CONVERSION = YES;
				CLANG_WARN_DEPRECATED_OBJC_IMPLEMENTATIONS = YES;
				CLANG_WARN_DIRECT_OBJC_ISA_USAGE = YES_ERROR;
				CLANG_WARN_DOCUMENTATION_COMMENTS = YES;
				CLANG_WARN_EMPTY_BODY = YES;
				CLANG_WARN_ENUM_CONVERSION = YES;
				CLANG_WARN_INFINITE_RECURSION = YES;
				CLANG_WARN_INT_CONVERSION = YES;
				CLANG_WARN_NON_LITERAL_NULL_CONVERSION = YES;
				CLANG_WARN_OBJC_IMPLICIT_RETAIN_SELF = YES;
				CLANG_WARN_OBJC_LITERAL_CONVERSION = YES;
				CLANG_WARN_OBJC_ROOT_CLASS = YES_ERROR;
				CLANG_WARN_RANGE_LOOP_ANALYSIS = YES;
				CLANG_WARN_STRICT_PROTOTYPES = YES;
				CLANG_WARN_SUSPICIOUS_MOVE = YES;
				CLANG_WARN_UNGUARDED_AVAILABILITY = YES_AGGRESSIVE;
				CLANG_WARN_UNREACHABLE_CODE = YES;
				CLANG_WARN__DUPLICATE_METHOD_MATCH = YES;
				COPY_PHASE_STRIP = NO;
				DEBUG_INFORMATION_FORMAT = dwarf;
				ENABLE_STRICT_OBJC_MSGSEND = YES;
				ENABLE_TESTABILITY = YES;
				GCC_C_LANGUAGE_STANDARD = gnu11;
				GCC_DYNAMIC_NO_PIC = NO;
				GCC_NO_COMMON_BLOCKS = YES;
				GCC_OPTIMIZATION_LEVEL = 0;
				GCC_PREPROCESSOR_DEFINITIONS = (
					"DEBUG=1",
					"$(inherited)",
				);
				GCC_WARN_64_TO_32_BIT_CONVERSION = YES;
				GCC_WARN_ABOUT_RETURN_TYPE = YES_ERROR;
				GCC_WARN_UNDECLARED_SELECTOR = YES;
				GCC_WARN_UNINITIALIZED_AUTOS = YES_AGGRESSIVE;
				GCC_WARN_UNUSED_FUNCTION = YES;
				GCC_WARN_UNUSED_VARIABLE = YES;
				IPHONEOS_DEPLOYMENT_TARGET = 13.2;
				MTL_ENABLE_DEBUG_INFO = INCLUDE_SOURCE;
				MTL_FAST_MATH = YES;
				ONLY_ACTIVE_ARCH = YES;
				SDKROOT = iphoneos;
				SWIFT_ACTIVE_COMPILATION_CONDITIONS = DEBUG;
				SWIFT_OPTIMIZATION_LEVEL = "-Onone";
			};
			name = Debug;
		};
		7B28603F24A368B900B84CA1 /* Release */ = {
			isa = XCBuildConfiguration;
			buildSettings = {
				ALWAYS_SEARCH_USER_PATHS = NO;
				CLANG_ANALYZER_NONNULL = YES;
				CLANG_ANALYZER_NUMBER_OBJECT_CONVERSION = YES_AGGRESSIVE;
				CLANG_CXX_LANGUAGE_STANDARD = "gnu++14";
				CLANG_CXX_LIBRARY = "libc++";
				CLANG_ENABLE_MODULES = YES;
				CLANG_ENABLE_OBJC_ARC = YES;
				CLANG_ENABLE_OBJC_WEAK = YES;
				CLANG_WARN_BLOCK_CAPTURE_AUTORELEASING = YES;
				CLANG_WARN_BOOL_CONVERSION = YES;
				CLANG_WARN_COMMA = YES;
				CLANG_WARN_CONSTANT_CONVERSION = YES;
				CLANG_WARN_DEPRECATED_OBJC_IMPLEMENTATIONS = YES;
				CLANG_WARN_DIRECT_OBJC_ISA_USAGE = YES_ERROR;
				CLANG_WARN_DOCUMENTATION_COMMENTS = YES;
				CLANG_WARN_EMPTY_BODY = YES;
				CLANG_WARN_ENUM_CONVERSION = YES;
				CLANG_WARN_INFINITE_RECURSION = YES;
				CLANG_WARN_INT_CONVERSION = YES;
				CLANG_WARN_NON_LITERAL_NULL_CONVERSION = YES;
				CLANG_WARN_OBJC_IMPLICIT_RETAIN_SELF = YES;
				CLANG_WARN_OBJC_LITERAL_CONVERSION = YES;
				CLANG_WARN_OBJC_ROOT_CLASS = YES_ERROR;
				CLANG_WARN_RANGE_LOOP_ANALYSIS = YES;
				CLANG_WARN_STRICT_PROTOTYPES = YES;
				CLANG_WARN_SUSPICIOUS_MOVE = YES;
				CLANG_WARN_UNGUARDED_AVAILABILITY = YES_AGGRESSIVE;
				CLANG_WARN_UNREACHABLE_CODE = YES;
				CLANG_WARN__DUPLICATE_METHOD_MATCH = YES;
				COPY_PHASE_STRIP = NO;
				DEBUG_INFORMATION_FORMAT = "dwarf-with-dsym";
				ENABLE_NS_ASSERTIONS = NO;
				ENABLE_STRICT_OBJC_MSGSEND = YES;
				GCC_C_LANGUAGE_STANDARD = gnu11;
				GCC_NO_COMMON_BLOCKS = YES;
				GCC_WARN_64_TO_32_BIT_CONVERSION = YES;
				GCC_WARN_ABOUT_RETURN_TYPE = YES_ERROR;
				GCC_WARN_UNDECLARED_SELECTOR = YES;
				GCC_WARN_UNINITIALIZED_AUTOS = YES_AGGRESSIVE;
				GCC_WARN_UNUSED_FUNCTION = YES;
				GCC_WARN_UNUSED_VARIABLE = YES;
				IPHONEOS_DEPLOYMENT_TARGET = 13.2;
				MTL_ENABLE_DEBUG_INFO = NO;
				MTL_FAST_MATH = YES;
				SDKROOT = iphoneos;
				SWIFT_COMPILATION_MODE = wholemodule;
				SWIFT_OPTIMIZATION_LEVEL = "-O";
				VALIDATE_PRODUCT = YES;
			};
			name = Release;
		};
		7B28604124A368B900B84CA1 /* Debug */ = {
			isa = XCBuildConfiguration;
			baseConfigurationReference = EEB5BAC1FE8A67513B822C4A /* Pods-FireDisplay7.debug.xcconfig */;
			buildSettings = {
				ASSETCATALOG_COMPILER_APPICON_NAME = AppIcon;
				CODE_SIGN_STYLE = Automatic;
				DEVELOPMENT_TEAM = 8R7VYJ6R79;
				INFOPLIST_FILE = FireDisplay7/Info.plist;
				LD_RUNPATH_SEARCH_PATHS = (
					"$(inherited)",
					"@executable_path/Frameworks",
				);
				PRODUCT_BUNDLE_IDENTIFIER = mark.FireDisplay7;
				PRODUCT_NAME = "$(TARGET_NAME)";
				SWIFT_VERSION = 5.0;
				TARGETED_DEVICE_FAMILY = "1,2";
			};
			name = Debug;
		};
		7B28604224A368B900B84CA1 /* Release */ = {
			isa = XCBuildConfiguration;
			baseConfigurationReference = 703AA8079895E5F90D15BDE2 /* Pods-FireDisplay7.release.xcconfig */;
			buildSettings = {
				ASSETCATALOG_COMPILER_APPICON_NAME = AppIcon;
				CODE_SIGN_STYLE = Automatic;
				DEVELOPMENT_TEAM = 8R7VYJ6R79;
				INFOPLIST_FILE = FireDisplay7/Info.plist;
				LD_RUNPATH_SEARCH_PATHS = (
					"$(inherited)",
					"@executable_path/Frameworks",
				);
				PRODUCT_BUNDLE_IDENTIFIER = mark.FireDisplay7;
				PRODUCT_NAME = "$(TARGET_NAME)";
				SWIFT_VERSION = 5.0;
				TARGETED_DEVICE_FAMILY = "1,2";
			};
			name = Release;
		};
/* End XCBuildConfiguration section */

/* Begin XCConfigurationList section */
		7B28602724A368B400B84CA1 /* Build configuration list for PBXProject "FireDisplay7" */ = {
			isa = XCConfigurationList;
			buildConfigurations = (
				7B28603E24A368B900B84CA1 /* Debug */,
				7B28603F24A368B900B84CA1 /* Release */,
			);
			defaultConfigurationIsVisible = 0;
			defaultConfigurationName = Release;
		};
		7B28604024A368B900B84CA1 /* Build configuration list for PBXNativeTarget "FireDisplay7" */ = {
			isa = XCConfigurationList;
			buildConfigurations = (
				7B28604124A368B900B84CA1 /* Debug */,
				7B28604224A368B900B84CA1 /* Release */,
			);
			defaultConfigurationIsVisible = 0;
			defaultConfigurationName = Release;
		};
/* End XCConfigurationList section */
	};
	rootObject = 7B28602424A368B400B84CA1 /* Project object */;
}
